
Microsoft Visual Studio Solution File, Format Version 12.00
# Visual Studio Version 17
VisualStudioVersion = 17.7.34221.43
MinimumVisualStudioVersion = 10.0.40219.1
Project("{FAE04EC0-301F-11D3-BF4B-00C04F79EFBC}") = "Assignment4-part4", "Assignment4-part4.csproj", "{9C33C8D1-77EE-4195-BB1D-A9A168F181FF}"
EndProject
Global
	GlobalSection(SolutionConfigurationPlatforms) = preSolution
		Debug|Any CPU = Debug|Any CPU
		Release|Any CPU = Release|Any CPU
	EndGlobalSection
	GlobalSection(ProjectConfigurationPlatforms) = postSolution
		{9C33C8D1-77EE-4195-BB1D-A9A168F181FF}.Debug|Any CPU.ActiveCfg = Debug|Any CPU
		{9C33C8D1-77EE-4195-BB1D-A9A168F181FF}.Debug|Any CPU.Build.0 = Debug|Any CPU
		{9C33C8D1-77EE-4195-BB1D-A9A168F181FF}.Release|Any CPU.ActiveCfg = Release|Any CPU
		{9C33C8D1-77EE-4195-BB1D-A9A168F181FF}.Release|Any CPU.Build.0 = Release|Any CPU
	EndGlobalSection
	GlobalSection(SolutionProperties) = preSolution
		HideSolutionNode = FALSE
	EndGlobalSection
	GlobalSection(ExtensibilityGlobals) = postSolution
		SolutionGuid = {F7A6C11E-7648-4B52-9FF6-F8EC65C394C5}
	EndGlobalSection
EndGlobal
